
Microsoft Visual Studio Solution File, Format Version 12.00
# Visual Studio 15
VisualStudioVersion = 15.0.27428.2011
MinimumVisualStudioVersion = 10.0.40219.1
Project("{FAE04EC0-301F-11D3-BF4B-00C04F79EFBC}") = "AutoFormGenorator", "AutoFormGenorator.csproj", "{B40C0A51-9A00-45DD-B752-F946EC4721AC}"
EndProject
Global
	GlobalSection(SolutionConfigurationPlatforms) = preSolution
		Debug|Any CPU = Debug|Any CPU
		Release|Any CPU = Release|Any CPU
	EndGlobalSection
	GlobalSection(ProjectConfigurationPlatforms) = postSolution
		{B40C0A51-9A00-45DD-B752-F946EC4721AC}.Debug|Any CPU.ActiveCfg = Debug|Any CPU
		{B40C0A51-9A00-45DD-B752-F946EC4721AC}.Debug|Any CPU.Build.0 = Debug|Any CPU
		{B40C0A51-9A00-45DD-B752-F946EC4721AC}.Release|Any CPU.ActiveCfg = Release|Any CPU
		{B40C0A51-9A00-45DD-B752-F946EC4721AC}.Release|Any CPU.Build.0 = Release|Any CPU
	EndGlobalSection
	GlobalSection(SolutionProperties) = preSolution
		HideSolutionNode = FALSE
	EndGlobalSection
	GlobalSection(ExtensibilityGlobals) = postSolution
		SolutionGuid = {A94A6026-AA0D-44F8-970B-FB9F9AEC07E0}
	EndGlobalSection
EndGlobal
